<?xml version="1.0" encoding="utf-8"?>
<Project ToolsVersion="4.0" xmlns="http://schemas.microsoft.com/developer/msbuild/2003">
  <ItemGroup>
    <Filter Include="Source Files">
      <UniqueIdentifier>{4FC737F1-C7A5-4376-A066-2A32D752A2FF}</UniqueIdentifier>
      <Extensions>cpp;c;cc;cxx;def;odl;idl;hpj;bat;asm;asmx</Extensions>
    </Filter>
    <Filter Include="Header Files">
      <UniqueIdentifier>{93995380-89BD-4b04-88EB-625FBE52EBFB}</UniqueIdentifier>
      <Extensions>h;hpp;hxx;hm;inl;inc;xsd</Extensions>
    </Filter>
    <Filter Include="Resource Files">
      <UniqueIdentifier>{67DA6AB6-F800-4c08-8B7A-83BB121AAD01}</UniqueIdentifier>
      <Extensions>rc;ico;cur;bmp;dlg;rc2;rct;bin;rgs;gif;jpg;jpeg;jpe;resx;tiff;tif;png;wav</Extensions>
    </Filter>
    <Filter Include="vk_com_api">
      <UniqueIdentifier>{b1cce11e-b52d-4917-bf7f-9931153ebfcb}</UniqueIdentifier>
    </Filter>
    <Filter Include="jsoncpp">
      <UniqueIdentifier>{0ec28433-60e1-41cc-8d93-a0a1c58b45b4}</UniqueIdentifier>
    </Filter>
  </ItemGroup>
  <ItemGroup>
    <ClCompile Include="context_menu.cpp">
      <Filter>Source Files</Filter>
    </ClCompile>
    <ClCompile Include="foo_vk_uploader.cpp">
      <Filter>Source Files</Filter>
    </ClCompile>
    <ClCompile Include="stdafx.cpp">
      <Filter>Source Files</Filter>
    </ClCompile>
    <ClCompile Include="upload_setup_dlg.cpp">
      <Filter>Source Files</Filter>
    </ClCompile>
    <ClCompile Include="upload_thread.cpp">
      <Filter>Source Files</Filter>
    </ClCompile>
    <ClCompile Include="main_menu.cpp">
      <Filter>Source Files</Filter>
    </ClCompile>
    <ClCompile Include="album_list_dlg.cpp">
      <Filter>Source Files</Filter>
    </ClCompile>
    <ClCompile Include="upload_presets.cpp">
      <Filter>Source Files</Filter>
    </ClCompile>
    <ClCompile Include="helpers.cpp">
      <Filter>Source Files</Filter>
    </ClCompile>
    <ClCompile Include="$(FB2K_VK_COM_API)\stdafx.cpp">
      <Filter>Source Files</Filter>
    </ClCompile>
    <ClCompile Include="$(FB2K_VK_COM_API)\vk_com_api.cpp">
      <Filter>vk_com_api</Filter>
    </ClCompile>
    <ClCompile Include="$(FB2K_VK_COM_API)\vk_com_api_methods.cpp">
      <Filter>vk_com_api</Filter>
    </ClCompile>
    <ClCompile Include="$(FB2K_VK_COM_API)\vk_com_api_auth.cpp">
      <Filter>vk_com_api</Filter>
    </ClCompile>
    <ClCompile Include="$(FB2K_VK_COM_API)\vk_com_api_auth_browser_dlg.cpp">
      <Filter>vk_com_api</Filter>
    </ClCompile>
    <ClCompile Include="$(FB2K_VK_COM_API)\vk_com_api_helpers.cpp">
      <Filter>vk_com_api</Filter>
    </ClCompile>
    <ClCompile Include="$(JSONCPP)\src\lib_json\json_reader.cpp">
      <Filter>jsoncpp</Filter>
    </ClCompile>
    <ClCompile Include="$(JSONCPP)\src\lib_json\json_writer.cpp">
      <Filter>jsoncpp</Filter>
    </ClCompile>
    <ClCompile Include="$(JSONCPP)\src\lib_json\json_value.cpp">
      <Filter>jsoncpp</Filter>
    </ClCompile>
  </ItemGroup>
  <ItemGroup>
    <ClInclude Include="stdafx.h">
      <Filter>Header Files</Filter>
    </ClInclude>
    <ClInclude Include="helpers.h">
      <Filter>Header Files</Filter>
    </ClInclude>
    <ClInclude Include="album_list_dlg.h">
      <Filter>Header Files</Filter>
    </ClInclude>
    <ClInclude Include="resource.h">
      <Filter>Resource Files</Filter>
    </ClInclude>
    <ClInclude Include="upload_presets.h">
      <Filter>Header Files</Filter>
    </ClInclude>
    <ClInclude Include="$(FB2K_VK_COM_API)\vk_com_api.h">
      <Filter>vk_com_api</Filter>
    </ClInclude>
    <ClInclude Include="$(FB2K_VK_COM_API)\vk_com_api_resource.h">
      <Filter>vk_com_api</Filter>
    </ClInclude>
    <ClInclude Include="$(FB2K_VK_COM_API)\vk_com_api_auth.h">
      <Filter>vk_com_api</Filter>
    </ClInclude>
    <ClInclude Include="$(FB2K_VK_COM_API)\vk_com_api_auth_browser_dlg.h">
      <Filter>vk_com_api</Filter>
    </ClInclude>
    <ClInclude Include="$(FB2K_VK_COM_API)\vk_com_api_external.h">
      <Filter>vk_com_api</Filter>
    </ClInclude>
    <ClInclude Include="$(FB2K_VK_COM_API)\vk_com_api_helpers.h">
      <Filter>vk_com_api</Filter>
    </ClInclude>
    <ClInclude Include="$(FB2K_VK_COM_API)\vk_com_api_methods.h">
      <Filter>vk_com_api</Filter>
    </ClInclude>
    <ClInclude Include="$(JSONCPP)\include\json\value.h">
      <Filter>jsoncpp</Filter>
    </ClInclude>
    <ClInclude Include="$(JSONCPP)\include\json\writer.h">
      <Filter>jsoncpp</Filter>
    </ClInclude>
    <ClInclude Include="$(JSONCPP)\include\json\json.h">
      <Filter>jsoncpp</Filter>
    </ClInclude>
    <ClInclude Include="$(JSONCPP)\include\json\reader.h">
      <Filter>jsoncpp</Filter>
    </ClInclude>
  </ItemGroup>
  <ItemGroup>
    <ResourceCompile Include="foo_vk_uploader.rc">
      <Filter>Resource Files</Filter>
    </ResourceCompile>
    <ResourceCompile Include="$(FB2K_VK_COM_API)\vk_com_api_resource.rc">
      <Filter>vk_com_api</Filter>
    </ResourceCompile>
  </ItemGroup>
</Project>